{
  "name": "jwt-http",
  "version": "0.0.4",
  "lockfileVersion": 1,
  "requires": true,
  "dependencies": {
    "crud-json-array": {
      "version": "0.0.7",
      "resolved": "https://registry.npmjs.org/crud-json-array/-/crud-json-array-0.0.7.tgz",
      "integrity": "sha1-QgowR9cArkof+UEaiNDRTgMeAkA="
    },
    "crypto-js": {
      "version": "3.1.9-1",
      "resolved": "https://registry.npmjs.org/crypto-js/-/crypto-js-3.1.9-1.tgz",
      "integrity": "sha1-/aGedh/Ad+Af+/3G6f38WeiAbNg="
    },
    "user-groups-roles": {
      "version": "1.0.4",
      "resolved": "https://registry.npmjs.org/user-groups-roles/-/user-groups-roles-1.0.4.tgz",
      "integrity": "sha512-9TWlDuJseHsq0/mtL+1JmoA0QIHq2/c78apP9GxzXmC6s9IpB71coX2HZFtot9RQ3NdPuh0fnkPG+qSur3RfaA==",
      "requires": {
        "crud-json-array": "0.0.7"
      }
    }
  }
}
