{
  "name": "jwt-http",
  "version": "1.0.19",
  "lockfileVersion": 1,
  "requires": true,
  "dependencies": {
    "cookie-secure": {
      "version": "1.0.2",
      "resolved": "https://registry.npmjs.org/cookie-secure/-/cookie-secure-1.0.2.tgz",
      "integrity": "sha1-Vp3yXb3tzoHfZ2VWLEQAQgGP83Q="
    },
    "crypto-js": {
      "version": "3.1.9-1",
      "resolved": "https://registry.npmjs.org/crypto-js/-/crypto-js-3.1.9-1.tgz",
      "integrity": "sha1-/aGedh/Ad+Af+/3G6f38WeiAbNg="
    },
    "http-msgs": {
      "version": "1.0.7",
      "resolved": "https://registry.npmjs.org/http-msgs/-/http-msgs-1.0.7.tgz",
      "integrity": "sha1-Aus5lkC+2REn5fW4kspWFpED59M=",
      "requires": {
        "cookie-secure": "1.0.2"
      }
    },
    "jwt-login": {
      "version": "0.0.2",
      "resolved": "https://registry.npmjs.org/jwt-login/-/jwt-login-0.0.2.tgz",
      "integrity": "sha512-9zvwexIeuw5EitYkQvOQPqDEDJuvBoOh1RtVkCpDWwfbJD6/1zuhvdkH0xRyjFHMrwS2kFBjsDXM18Hj2GSRIw==",
      "requires": {
        "crypto-js": "3.1.9-1"
      }
    },
    "moment": {
      "version": "2.20.1",
      "resolved": "https://registry.npmjs.org/moment/-/moment-2.20.1.tgz",
      "integrity": "sha512-Yh9y73JRljxW5QxN08Fner68eFLxM5ynNOAw2LbIB1YAGeQzZT8QFSUvkAz609Zf+IHhhaUxqZK8dG3W/+HEvg=="
    },
    "render-html-async": {
      "version": "0.0.5",
      "resolved": "https://registry.npmjs.org/render-html-async/-/render-html-async-0.0.5.tgz",
      "integrity": "sha512-n2O58SN8cN1wLX0xd/ZqkVrWj7VVEbHd467jrkhjpPvC3JD47HUyDYMPwHnKe0r5B27a6I5OHh66QSqBMZs9dg=="
    },
    "user-groups-roles": {
      "version": "2.0.0",
      "resolved": "https://registry.npmjs.org/user-groups-roles/-/user-groups-roles-2.0.0.tgz",
      "integrity": "sha512-5hz9BWd/aP44wO8J1PVTqSvfAgqVlCQXOmjLzmNFxNYjhT5Pb7GO7DnraQxFZXg5c5cLmVCgKT2qz59MnT5qvg=="
    }
  }
}
