{
  "name": "jwt-http",
  "version": "0.0.7",
  "lockfileVersion": 1,
  "requires": true,
  "dependencies": {
    "crud-json-array": {
      "version": "0.0.7",
      "resolved": "https://registry.npmjs.org/crud-json-array/-/crud-json-array-0.0.7.tgz",
      "integrity": "sha1-QgowR9cArkof+UEaiNDRTgMeAkA="
    },
    "crypto-js": {
      "version": "3.1.9-1",
      "resolved": "https://registry.npmjs.org/crypto-js/-/crypto-js-3.1.9-1.tgz",
      "integrity": "sha1-/aGedh/Ad+Af+/3G6f38WeiAbNg="
    },
    "http-msgs": {
      "version": "0.0.2",
      "resolved": "https://registry.npmjs.org/http-msgs/-/http-msgs-0.0.2.tgz",
      "integrity": "sha1-bRra5pD9kj1cGlTfV7mZONFOpL0="
    },
    "jwt-login": {
      "version": "0.0.1",
      "resolved": "https://registry.npmjs.org/jwt-login/-/jwt-login-0.0.1.tgz",
      "integrity": "sha1-7rWk/gDu00Ro3pLABN6SMDgbcNA=",
      "requires": {
        "crypto-js": "3.1.9-1"
      }
    },
    "render-html-async": {
      "version": "0.0.5",
      "resolved": "https://registry.npmjs.org/render-html-async/-/render-html-async-0.0.5.tgz",
      "integrity": "sha512-n2O58SN8cN1wLX0xd/ZqkVrWj7VVEbHd467jrkhjpPvC3JD47HUyDYMPwHnKe0r5B27a6I5OHh66QSqBMZs9dg=="
    },
    "user-groups-roles": {
      "version": "1.0.4",
      "resolved": "https://registry.npmjs.org/user-groups-roles/-/user-groups-roles-1.0.4.tgz",
      "integrity": "sha512-9TWlDuJseHsq0/mtL+1JmoA0QIHq2/c78apP9GxzXmC6s9IpB71coX2HZFtot9RQ3NdPuh0fnkPG+qSur3RfaA==",
      "requires": {
        "crud-json-array": "0.0.7"
      }
    }
  }
}
